
Microsoft Visual Studio Solution File, Format Version 12.00
# Visual Studio Version 17
VisualStudioVersion = 17.13.35919.96 d17.13
MinimumVisualStudioVersion = 10.0.40219.1
Project("{FAE04EC0-301F-11D3-BF4B-00C04F79EFBC}") = "DotNetTestProject", "DotNetTestProject\DotNetTestProject.csproj", "{F76E868F-CF04-4D00-B58C-066CB3520ECE}"
EndProject
Global
	GlobalSection(SolutionConfigurationPlatforms) = preSolution
		Debug|Any CPU = Debug|Any CPU
		Release|Any CPU = Release|Any CPU
	EndGlobalSection
	GlobalSection(ProjectConfigurationPlatforms) = postSolution
		{F76E868F-CF04-4D00-B58C-066CB3520ECE}.Debug|Any CPU.ActiveCfg = Debug|Any CPU
		{F76E868F-CF04-4D00-B58C-066CB3520ECE}.Debug|Any CPU.Build.0 = Debug|Any CPU
		{F76E868F-CF04-4D00-B58C-066CB3520ECE}.Release|Any CPU.ActiveCfg = Release|Any CPU
		{F76E868F-CF04-4D00-B58C-066CB3520ECE}.Release|Any CPU.Build.0 = Release|Any CPU
	EndGlobalSection
	GlobalSection(SolutionProperties) = preSolution
		HideSolutionNode = FALSE
	EndGlobalSection
	GlobalSection(ExtensibilityGlobals) = postSolution
		SolutionGuid = {883098C4-339C-4254-925E-12ACC0532A23}
	EndGlobalSection
EndGlobal
